
Microsoft Visual Studio Solution File, Format Version 12.00
# Visual Studio Version 16
VisualStudioVersion = 16.0.30621.155
MinimumVisualStudioVersion = 10.0.40219.1
Project("{FAE04EC0-301F-11D3-BF4B-00C04F79EFBC}") = "JuzDraw(MVC)", "JuzDraw(MVC).csproj", "{2CA50C4D-2BB6-47A2-918F-88329D65EC34}"
EndProject
Global
	GlobalSection(SolutionConfigurationPlatforms) = preSolution
		Debug|Any CPU = Debug|Any CPU
		Release|Any CPU = Release|Any CPU
	EndGlobalSection
	GlobalSection(ProjectConfigurationPlatforms) = postSolution
		{2CA50C4D-2BB6-47A2-918F-88329D65EC34}.Debug|Any CPU.ActiveCfg = Debug|Any CPU
		{2CA50C4D-2BB6-47A2-918F-88329D65EC34}.Debug|Any CPU.Build.0 = Debug|Any CPU
		{2CA50C4D-2BB6-47A2-918F-88329D65EC34}.Release|Any CPU.ActiveCfg = Release|Any CPU
		{2CA50C4D-2BB6-47A2-918F-88329D65EC34}.Release|Any CPU.Build.0 = Release|Any CPU
	EndGlobalSection
	GlobalSection(SolutionProperties) = preSolution
		HideSolutionNode = FALSE
	EndGlobalSection
	GlobalSection(ExtensibilityGlobals) = postSolution
		SolutionGuid = {B9616B83-8F48-4881-B94B-4FA33639862C}
	EndGlobalSection
EndGlobal
